
Microsoft Visual Studio Solution File, Format Version 12.00
# Visual Studio Version 16
VisualStudioVersion = 16.0.30128.74
MinimumVisualStudioVersion = 10.0.40219.1
Project("{9A19103F-16F7-4668-BE54-9A1E7A4F7556}") = "PlayIt-Api", "PlayIt-Api\PlayIt-Api.csproj", "{EC14A765-FC43-4BE0-945C-1E7F3FDC0CB6}"
EndProject
Project("{FAE04EC0-301F-11D3-BF4B-00C04F79EFBC}") = "PlayIt-Api_TESTS", "PlayIt-Api_TESTS\PlayIt-Api_TESTS.csproj", "{7B077897-1108-4F42-8CFE-C8C7428A6600}"
EndProject
Global
	GlobalSection(SolutionConfigurationPlatforms) = preSolution
		Debug|Any CPU = Debug|Any CPU
		Release|Any CPU = Release|Any CPU
	EndGlobalSection
	GlobalSection(ProjectConfigurationPlatforms) = postSolution
		{EC14A765-FC43-4BE0-945C-1E7F3FDC0CB6}.Debug|Any CPU.ActiveCfg = Debug|Any CPU
		{EC14A765-FC43-4BE0-945C-1E7F3FDC0CB6}.Debug|Any CPU.Build.0 = Debug|Any CPU
		{EC14A765-FC43-4BE0-945C-1E7F3FDC0CB6}.Release|Any CPU.ActiveCfg = Release|Any CPU
		{EC14A765-FC43-4BE0-945C-1E7F3FDC0CB6}.Release|Any CPU.Build.0 = Release|Any CPU
		{7B077897-1108-4F42-8CFE-C8C7428A6600}.Debug|Any CPU.ActiveCfg = Debug|Any CPU
		{7B077897-1108-4F42-8CFE-C8C7428A6600}.Debug|Any CPU.Build.0 = Debug|Any CPU
		{7B077897-1108-4F42-8CFE-C8C7428A6600}.Release|Any CPU.ActiveCfg = Release|Any CPU
		{7B077897-1108-4F42-8CFE-C8C7428A6600}.Release|Any CPU.Build.0 = Release|Any CPU
	EndGlobalSection
	GlobalSection(SolutionProperties) = preSolution
		HideSolutionNode = FALSE
	EndGlobalSection
	GlobalSection(ExtensibilityGlobals) = postSolution
		SolutionGuid = {9044F2AC-6576-40ED-A807-91EE7C062770}
	EndGlobalSection
EndGlobal
